
Microsoft Visual Studio Solution File, Format Version 12.00
# Visual Studio Version 17
VisualStudioVersion = 17.1.32421.90
MinimumVisualStudioVersion = 10.0.40219.1
Project("{FAE04EC0-301F-11D3-BF4B-00C04F79EFBC}") = "demoBlazeAutomation_JAVS", "demoBlazeAutomation_JAVS.csproj", "{6522F006-7376-4B79-B7E8-F1F6B905C8F6}"
EndProject
Global
	GlobalSection(SolutionConfigurationPlatforms) = preSolution
		Debug|Any CPU = Debug|Any CPU
		Release|Any CPU = Release|Any CPU
	EndGlobalSection
	GlobalSection(ProjectConfigurationPlatforms) = postSolution
		{6522F006-7376-4B79-B7E8-F1F6B905C8F6}.Debug|Any CPU.ActiveCfg = Debug|Any CPU
		{6522F006-7376-4B79-B7E8-F1F6B905C8F6}.Debug|Any CPU.Build.0 = Debug|Any CPU
		{6522F006-7376-4B79-B7E8-F1F6B905C8F6}.Release|Any CPU.ActiveCfg = Release|Any CPU
		{6522F006-7376-4B79-B7E8-F1F6B905C8F6}.Release|Any CPU.Build.0 = Release|Any CPU
	EndGlobalSection
	GlobalSection(SolutionProperties) = preSolution
		HideSolutionNode = FALSE
	EndGlobalSection
	GlobalSection(ExtensibilityGlobals) = postSolution
		SolutionGuid = {90451497-9FA7-457B-A346-AAF36159955A}
	EndGlobalSection
EndGlobal
